
Microsoft Visual Studio Solution File, Format Version 12.00
# Visual Studio 15
Project("{FAE04EC0-301F-11D3-BF4B-00C04F79EFBC}") = "GlazerCalc", "GlazerCalc\GlazerCalc.csproj", "{D2836CC7-F4DC-4B6E-8B23-64451DBEDAEF}"
EndProject
Global
	GlobalSection(SolutionConfigurationPlatforms) = preSolution
		Debug|anycpu = Debug|anycpu
		Release|anycpu = Release|anycpu
	EndGlobalSection
	GlobalSection(ProjectConfigurationPlatforms) = postSolution
		{D2836CC7-F4DC-4B6E-8B23-64451DBEDAEF}.Debug|anycpu.ActiveCfg = Debug|anycpu
		{D2836CC7-F4DC-4B6E-8B23-64451DBEDAEF}.Debug|anycpu.Build.0 = Debug|anycpu
		{D2836CC7-F4DC-4B6E-8B23-64451DBEDAEF}.Release|anycpu.ActiveCfg = Release|anycpu
		{D2836CC7-F4DC-4B6E-8B23-64451DBEDAEF}.Release|anycpu.Build.0 = Release|anycpu
	EndGlobalSection
EndGlobal
